github.com/lennard-pfennig-bruker/go-lib v0.0.0-20220609155853-1a31b7765f93 h1:pZ2HYp3c378wDyoGjd5YZrbK2RTG5Zjugdj/BONhZ70=
github.com/lennard-pfennig-bruker/go-lib v0.0.0-20220609155853-1a31b7765f93/go.mod h1:Llbnj1PRq9iDOIl/nZJamC08La7Mo17G9VgjKr89HOA=
github.com/lennard-pfennig-bruker/go-lib v1.0.0-alpha h1:gkPDnNdYGfW2/IfoYjHrXyixN1QIaWNcL9mtGAuoxgs=
github.com/lennard-pfennig-bruker/go-lib v1.0.0-alpha/go.mod h1:Llbnj1PRq9iDOIl/nZJamC08La7Mo17G9VgjKr89HOA=
github.com/lennard-pfennig-bruker/go-lib v1.0.0 h1:rClAdmi4MFD/b1/m9febeSXDEf/9GqMxJD4nZ0uyGo8=
github.com/lennard-pfennig-bruker/go-lib v1.0.0/go.mod h1:Llbnj1PRq9iDOIl/nZJamC08La7Mo17G9VgjKr89HOA=
github.com/lennard-pfennig-bruker/go-lib v1.0.1 h1:HOyWF+unqIUgpE5ofczV/5a1nvqNevGUDwAYoZQqCcU=
github.com/lennard-pfennig-bruker/go-lib v1.0.1/go.mod h1:Llbnj1PRq9iDOIl/nZJamC08La7Mo17G9VgjKr89HOA=
